
Microsoft Visual Studio Solution File, Format Version 12.00
# Visual Studio Version 16
VisualStudioVersion = 16.0.31112.23
MinimumVisualStudioVersion = 10.0.40219.1
Project("{9A19103F-16F7-4668-BE54-9A1E7A4F7556}") = "OOP.Lab1", "OOP.Lab1\OOP.Lab1.csproj", "{852FD33A-9EFD-4399-B4EE-EFA105112BC7}"
EndProject
Project("{9A19103F-16F7-4668-BE54-9A1E7A4F7556}") = "OOP.Lab1.Tests", "TestProject2\OOP.Lab1.Tests.csproj", "{D4BA5CC3-7ADF-4922-B679-7405DEEE6051}"
EndProject
Project("{2150E333-8FDC-42A3-9474-1A3956D46DE8}") = "Solution Items", "Solution Items", "{91326A34-347A-402F-B734-B6EC3719A0C9}"
EndProject
Global
	GlobalSection(SolutionConfigurationPlatforms) = preSolution
		Debug|Any CPU = Debug|Any CPU
		Release|Any CPU = Release|Any CPU
	EndGlobalSection
	GlobalSection(ProjectConfigurationPlatforms) = postSolution
		{852FD33A-9EFD-4399-B4EE-EFA105112BC7}.Debug|Any CPU.ActiveCfg = Debug|Any CPU
		{852FD33A-9EFD-4399-B4EE-EFA105112BC7}.Debug|Any CPU.Build.0 = Debug|Any CPU
		{852FD33A-9EFD-4399-B4EE-EFA105112BC7}.Release|Any CPU.ActiveCfg = Release|Any CPU
		{852FD33A-9EFD-4399-B4EE-EFA105112BC7}.Release|Any CPU.Build.0 = Release|Any CPU
		{D4BA5CC3-7ADF-4922-B679-7405DEEE6051}.Debug|Any CPU.ActiveCfg = Debug|Any CPU
		{D4BA5CC3-7ADF-4922-B679-7405DEEE6051}.Debug|Any CPU.Build.0 = Debug|Any CPU
		{D4BA5CC3-7ADF-4922-B679-7405DEEE6051}.Release|Any CPU.ActiveCfg = Release|Any CPU
		{D4BA5CC3-7ADF-4922-B679-7405DEEE6051}.Release|Any CPU.Build.0 = Release|Any CPU
	EndGlobalSection
	GlobalSection(SolutionProperties) = preSolution
		HideSolutionNode = FALSE
	EndGlobalSection
	GlobalSection(ExtensibilityGlobals) = postSolution
		SolutionGuid = {72B36DFE-1C63-47B2-9323-4188F7A75BF6}
	EndGlobalSection
EndGlobal
